
Microsoft Visual Studio Solution File, Format Version 12.00
# Visual Studio Version 17
VisualStudioVersion = 17.8.34330.188
MinimumVisualStudioVersion = 10.0.40219.1
Project("{FAE04EC0-301F-11D3-BF4B-00C04F79EFBC}") = "SolutionToText", "SolutionToText\SolutionToText.csproj", "{8B307191-2C20-4E2D-8CB7-10BF7B2055B8}"
EndProject
Global
	GlobalSection(SolutionConfigurationPlatforms) = preSolution
		Debug|Any CPU = Debug|Any CPU
		Release|Any CPU = Release|Any CPU
	EndGlobalSection
	GlobalSection(ProjectConfigurationPlatforms) = postSolution
		{8B307191-2C20-4E2D-8CB7-10BF7B2055B8}.Debug|Any CPU.ActiveCfg = Debug|Any CPU
		{8B307191-2C20-4E2D-8CB7-10BF7B2055B8}.Debug|Any CPU.Build.0 = Debug|Any CPU
		{8B307191-2C20-4E2D-8CB7-10BF7B2055B8}.Release|Any CPU.ActiveCfg = Release|Any CPU
		{8B307191-2C20-4E2D-8CB7-10BF7B2055B8}.Release|Any CPU.Build.0 = Release|Any CPU
	EndGlobalSection
	GlobalSection(SolutionProperties) = preSolution
		HideSolutionNode = FALSE
	EndGlobalSection
	GlobalSection(ExtensibilityGlobals) = postSolution
		SolutionGuid = {D0570087-ADD2-4479-BE44-C9ED1D0185B8}
	EndGlobalSection
EndGlobal
